
Microsoft Visual Studio Solution File, Format Version 12.00
# Visual Studio Version 16
VisualStudioVersion = 16.0.29215.179
MinimumVisualStudioVersion = 10.0.40219.1
Project("{FAE04EC0-301F-11D3-BF4B-00C04F79EFBC}") = "SuperHeroes", "SuperHeroes.csproj", "{D7DBD7F2-2BD1-48B0-8D9E-A0E8C953068A}"
EndProject
Global
	GlobalSection(SolutionConfigurationPlatforms) = preSolution
		Debug|Any CPU = Debug|Any CPU
		Release|Any CPU = Release|Any CPU
	EndGlobalSection
	GlobalSection(ProjectConfigurationPlatforms) = postSolution
		{D7DBD7F2-2BD1-48B0-8D9E-A0E8C953068A}.Debug|Any CPU.ActiveCfg = Debug|Any CPU
		{D7DBD7F2-2BD1-48B0-8D9E-A0E8C953068A}.Debug|Any CPU.Build.0 = Debug|Any CPU
		{D7DBD7F2-2BD1-48B0-8D9E-A0E8C953068A}.Release|Any CPU.ActiveCfg = Release|Any CPU
		{D7DBD7F2-2BD1-48B0-8D9E-A0E8C953068A}.Release|Any CPU.Build.0 = Release|Any CPU
	EndGlobalSection
	GlobalSection(SolutionProperties) = preSolution
		HideSolutionNode = FALSE
	EndGlobalSection
	GlobalSection(ExtensibilityGlobals) = postSolution
		SolutionGuid = {28FECE4C-044C-4385-A03D-16A157D05357}
	EndGlobalSection
EndGlobal
